# THIS IS AN AUTOGENERATED FILE. DO NOT EDIT THIS FILE DIRECTLY.
# yarn lockfile v1
"@angular/common@~2.2.0":
  version "2.2.4"
  resolved "https://registry.yarnpkg.com/@angular/common/-/common-2.2.4.tgz#0e798cce826ba304d3b29556527a1a531f407159"

"@angular/compiler@~2.2.0":
  version "2.2.4"
  resolved "https://registry.yarnpkg.com/@angular/compiler/-/compiler-2.2.4.tgz#40e8db5f801939ddc1a163079dc71b3be81a06ae"

"@angular/core@~2.2.0":
  version "2.2.4"
  resolved "https://registry.yarnpkg.com/@angular/core/-/core-2.2.4.tgz#d00d5cfc734fd610cbafc14eb0749c957f004aa9"

"@angular/forms@~2.2.0":
  version "2.2.4"
  resolved "https://registry.yarnpkg.com/@angular/forms/-/forms-2.2.4.tgz#95f15ca1938879298ccc0ef8a3e9ef5e750e31ef"

"@angular/http@~2.2.0":
  version "2.2.4"
  resolved "https://registry.yarnpkg.com/@angular/http/-/http-2.2.4.tgz#ccfeb3f805e0628f6bb9efa129ef432d79548c63"

"@angular/platform-browser-dynamic@~2.2.0":
  version "2.2.4"
  resolved "https://registry.yarnpkg.com/@angular/platform-browser-dynamic/-/platform-browser-dynamic-2.2.4.tgz#4895cc035ab393ec9e74e7684211a9209ea86825"

"@angular/platform-browser@~2.2.0":
  version "2.2.4"
  resolved "https://registry.yarnpkg.com/@angular/platform-browser/-/platform-browser-2.2.4.tgz#6041e02c7ed62622c926060869506705f79fb5fb"

"@angular/router@~3.2.0":
  version "3.2.4"
  resolved "https://registry.yarnpkg.com/@angular/router/-/router-3.2.4.tgz#dfec71ad072ec031364ba5d08bd6fe03fd5beadc"

"@types/node@^6.0.46":
  version "6.0.51"
  resolved "https://registry.yarnpkg.com/@types/node/-/node-6.0.51.tgz#84cbf25111516ec9304d0b61469dc0fa9d12ba32"

reflect-metadata@^0.1.8:
  version "0.1.8"
  resolved "https://registry.yarnpkg.com/reflect-metadata/-/reflect-metadata-0.1.8.tgz#72426d570b60776e3688968bd5ab9537a15cecf6"

rxjs@5.0.0-beta.12:
  version "5.0.0-beta.12"
  resolved "https://registry.yarnpkg.com/rxjs/-/rxjs-5.0.0-beta.12.tgz#cdfde2d8c4639d20ae7794bff8fddf32da7ad337"
  dependencies:
    symbol-observable "^1.0.1"

symbol-observable@^1.0.1:
  version "1.0.4"
  resolved "https://registry.yarnpkg.com/symbol-observable/-/symbol-observable-1.0.4.tgz#29bf615d4aa7121bdd898b22d4b3f9bc4e2aa03d"

systemjs@0.19.40:
  version "0.19.40"
  resolved "https://registry.yarnpkg.com/systemjs/-/systemjs-0.19.40.tgz#158f64a9f4ef541a7fda6b40e527ee46b6c54cd0"
  dependencies:
    when "^3.7.5"

typescript@^2.0.10:
  version "2.1.1"
  resolved "https://registry.yarnpkg.com/typescript/-/typescript-2.1.1.tgz#41c2b64472f529331b2055c0424862b44ce58d42"

when@^3.7.5:
  version "3.7.7"
  resolved "https://registry.yarnpkg.com/when/-/when-3.7.7.tgz#aba03fc3bb736d6c88b091d013d8a8e590d84718"

zone.js@^0.6.26:
  version "0.6.26"
  resolved "https://registry.yarnpkg.com/zone.js/-/zone.js-0.6.26.tgz#067c13b8b80223a89b62e9dc82680f09762c4636"

